
Microsoft Visual Studio Solution File, Format Version 12.00
# Visual Studio Version 17
VisualStudioVersion = 17.0.31919.166
MinimumVisualStudioVersion = 10.0.40219.1
Project("{9A19103F-16F7-4668-BE54-9A1E7A4F7556}") = "Track.Broker", "Track.Client.Broker\Track.Broker.csproj", "{50A70D14-D04A-4EFA-AFE6-DFDCE38CFA4E}"
EndProject
Project("{FAE04EC0-301F-11D3-BF4B-00C04F79EFBC}") = "Track.Broker.Test", "Track.Client.Broker.Test\Track.Broker.Test.csproj", "{F5A2B350-8A87-4BBE-B608-0E0505ED3993}"
EndProject
Global
	GlobalSection(SolutionConfigurationPlatforms) = preSolution
		Debug|Any CPU = Debug|Any CPU
		Release|Any CPU = Release|Any CPU
	EndGlobalSection
	GlobalSection(ProjectConfigurationPlatforms) = postSolution
		{50A70D14-D04A-4EFA-AFE6-DFDCE38CFA4E}.Debug|Any CPU.ActiveCfg = Debug|Any CPU
		{50A70D14-D04A-4EFA-AFE6-DFDCE38CFA4E}.Debug|Any CPU.Build.0 = Debug|Any CPU
		{50A70D14-D04A-4EFA-AFE6-DFDCE38CFA4E}.Release|Any CPU.ActiveCfg = Release|Any CPU
		{50A70D14-D04A-4EFA-AFE6-DFDCE38CFA4E}.Release|Any CPU.Build.0 = Release|Any CPU
		{F5A2B350-8A87-4BBE-B608-0E0505ED3993}.Debug|Any CPU.ActiveCfg = Debug|Any CPU
		{F5A2B350-8A87-4BBE-B608-0E0505ED3993}.Debug|Any CPU.Build.0 = Debug|Any CPU
		{F5A2B350-8A87-4BBE-B608-0E0505ED3993}.Release|Any CPU.ActiveCfg = Release|Any CPU
		{F5A2B350-8A87-4BBE-B608-0E0505ED3993}.Release|Any CPU.Build.0 = Release|Any CPU
	EndGlobalSection
	GlobalSection(SolutionProperties) = preSolution
		HideSolutionNode = FALSE
	EndGlobalSection
	GlobalSection(ExtensibilityGlobals) = postSolution
		SolutionGuid = {9C70671C-8E57-4481-BD85-BB28A553090B}
	EndGlobalSection
EndGlobal
